# This file is automatically @generated by Cargo.
# It is not intended for manual editing.
version = 4

[[package]]
name = "factc-capability"
version = "0.1.0"
dependencies = [
 "factc-foundation",
 "factc-semantic",
 "factc-source",
]

[[package]]
name = "factc-foundation"
version = "0.1.0"

[[package]]
name = "factc-implementation"
version = "0.1.0"
dependencies = [
 "factc-capability",
 "factc-foundation",
 "factc-semantic",
 "factc-source",
]

[[package]]
name = "factc-planning"
version = "0.1.0"
dependencies = [
 "factc-capability",
 "factc-foundation",
 "factc-implementation",
 "factc-semantic",
 "factc-source",
]

[[package]]
name = "factc-semantic"
version = "0.1.0"
dependencies = [
 "factc-foundation",
 "factc-source",
]

[[package]]
name = "factc-source"
version = "0.1.0"
dependencies = [
 "factc-foundation",
]

[[package]]
name = "factc-verifier"
version = "0.1.0"
dependencies = [
 "factc-capability",
 "factc-foundation",
 "factc-implementation",
 "factc-planning",
 "factc-semantic",
 "factc-source",
]

[[package]]
name = "neg-forge-verified-strategy"
version = "0.0.0"
dependencies = [
 "factc-foundation",
 "factc-planning",
 "factc-verifier",
]
